
Microsoft Visual Studio Solution File, Format Version 12.00
# Visual Studio Version 17
VisualStudioVersion = 17.1.32228.430
MinimumVisualStudioVersion = 10.0.40219.1
Project("{2150E333-8FDC-42A3-9474-1A3956D46DE8}") = "Framework", "Framework", "{97AE2736-7654-4995-89FA-05F696E88AF8}"
EndProject
Project("{9A19103F-16F7-4668-BE54-9A1E7A4F7556}") = "Framework", "src\Framework\Framework\Framework.csproj", "{666AC8BB-5D0A-47EE-886B-3B4B7C0C1D54}"
EndProject
Project("{9A19103F-16F7-4668-BE54-9A1E7A4F7556}") = "Framework.Tests", "src\Framework\Framework.Tests\Framework.Tests.csproj", "{FA7EED82-17A1-4EF3-948B-C45432970357}"
EndProject
Project("{2150E333-8FDC-42A3-9474-1A3956D46DE8}") = "Bootstrap", "Bootstrap", "{334B810E-F6F4-4A2A-9C67-751281D81FE1}"
EndProject
Project("{9A19103F-16F7-4668-BE54-9A1E7A4F7556}") = "Bootstrap", "src\Bootstrap\Bootstrap\Bootstrap.csproj", "{94451550-16C0-4062-85B3-C3EEFF2162D7}"
EndProject
Project("{9A19103F-16F7-4668-BE54-9A1E7A4F7556}") = "Bootstrap.Tests", "src\Bootstrap\Bootstrap.Tests\Bootstrap.Tests.csproj", "{96C6AFC6-8A2E-4DAA-B121-E27EA660C329}"
EndProject
Project("{9A19103F-16F7-4668-BE54-9A1E7A4F7556}") = "Bootstrap.Container", "src\Bootstrap\Bootstrap.Container\Bootstrap.Container.csproj", "{EACDE0E4-A114-4C63-9421-A3FB22A1A21B}"
EndProject
Project("{9A19103F-16F7-4668-BE54-9A1E7A4F7556}") = "Orbit", "src\Orbit\Orbit.csproj", "{9997B604-2237-4123-A089-C704B1B85F97}"
EndProject
Project("{2150E333-8FDC-42A3-9474-1A3956D46DE8}") = "Modules", "Modules", "{89F46890-BF74-40FA-B54F-893F198149FB}"
EndProject
Project("{9A19103F-16F7-4668-BE54-9A1E7A4F7556}") = "Framework.Themes", "src\Framework\Framework.Themes\Framework.Themes.csproj", "{128ACB8A-70E9-4B14-823B-69EB3579C843}"
EndProject
Project("{9A19103F-16F7-4668-BE54-9A1E7A4F7556}") = "MarketData", "src\Modules\MarketData\MarketData\MarketData.csproj", "{DA969555-C296-4582-8585-7484635BCAA0}"
EndProject
Project("{9A19103F-16F7-4668-BE54-9A1E7A4F7556}") = "Orders", "src\Modules\Orders\Orders\Orders.csproj", "{BFD2A2BB-22B8-4B90-8F82-3D642CFC3A26}"
EndProject
Project("{9A19103F-16F7-4668-BE54-9A1E7A4F7556}") = "Trades", "src\Modules\Trades\Trades\Trades.csproj", "{952C0C6A-523F-4FD7-A35E-E098792FFBF5}"
EndProject
Project("{9A19103F-16F7-4668-BE54-9A1E7A4F7556}") = "MarketData.Tests", "src\Modules\MarketData\MarketData.Tests\MarketData.Tests.csproj", "{DC41E8BC-4E8D-477A-9BD8-DE2A71F2ED8A}"
EndProject
Project("{2150E333-8FDC-42A3-9474-1A3956D46DE8}") = "MarketData", "MarketData", "{FC597705-6335-470E-A32D-AF7CF47C1C26}"
EndProject
Project("{9A19103F-16F7-4668-BE54-9A1E7A4F7556}") = "Orders.Tests", "src\Modules\Orders\Orders.Tests\Orders.Tests.csproj", "{EDE53EE7-0C3E-4423-A57B-1768F8EE6458}"
EndProject
Project("{9A19103F-16F7-4668-BE54-9A1E7A4F7556}") = "Trades.Tests", "src\Modules\Trades\Trades.Tests\Trades.Tests.csproj", "{7FF8FAEC-91E7-4F05-A372-3E08E71ED2B2}"
EndProject
Project("{2150E333-8FDC-42A3-9474-1A3956D46DE8}") = "Orders", "Orders", "{2D190991-F53C-4226-8CE1-0DB24D2F5A34}"
EndProject
Project("{2150E333-8FDC-42A3-9474-1A3956D46DE8}") = "Trades", "Trades", "{A040DE30-41E8-4771-885A-B714141CAFF9}"
EndProject
Project("{2150E333-8FDC-42A3-9474-1A3956D46DE8}") = "Splash", "Splash", "{FEF6A921-FD61-43F1-BADD-4FDC5B1C0AB6}"
EndProject
Project("{2150E333-8FDC-42A3-9474-1A3956D46DE8}") = "Options", "Options", "{385444C9-2545-4B90-89DA-857F8DCE71CB}"
EndProject
Project("{2150E333-8FDC-42A3-9474-1A3956D46DE8}") = "Themes", "Themes", "{37F2FC1F-11C3-4E67-BA31-B630B0CB2D89}"
EndProject
Project("{2150E333-8FDC-42A3-9474-1A3956D46DE8}") = "Layouts", "Layouts", "{604687B3-625D-4B93-A560-C5F4DA274B02}"
EndProject
Project("{FAE04EC0-301F-11D3-BF4B-00C04F79EFBC}") = "Layouts", "src\Modules\Layouts\Layouts\Layouts.csproj", "{DBA9A900-C0DB-4E2F-8DE0-6F8716CF4E7C}"
EndProject
Project("{9A19103F-16F7-4668-BE54-9A1E7A4F7556}") = "Layouts.Tests", "src\Modules\Layouts\Layouts.Tests\Layouts.Tests.csproj", "{52BCDFA7-89B0-4BE1-8AFE-4F31D431BFCE}"
EndProject
Project("{9A19103F-16F7-4668-BE54-9A1E7A4F7556}") = "Options.Tests", "src\Modules\Options\Options.Tests\Options.Tests.csproj", "{CCEAFDF3-35A8-4D54-BB76-1E2296C49FEA}"
EndProject
Project("{9A19103F-16F7-4668-BE54-9A1E7A4F7556}") = "Splash", "src\Modules\Splash\Splash\Splash.csproj", "{550A4C54-DC0E-4AC6-9B0E-172FF9B2A748}"
EndProject
Project("{9A19103F-16F7-4668-BE54-9A1E7A4F7556}") = "Splash.Tests", "src\Modules\Splash\Splash.Tests\Splash.Tests.csproj", "{7F8B7C28-243F-426A-802A-1052A72828A4}"
EndProject
Project("{9A19103F-16F7-4668-BE54-9A1E7A4F7556}") = "Themes", "src\Modules\Themes\Themes\Themes.csproj", "{3B956894-3044-4330-8C6B-6A00EBDE99FA}"
EndProject
Project("{9A19103F-16F7-4668-BE54-9A1E7A4F7556}") = "Themes.Tests", "src\Modules\Themes\Themes.Tests\Themes.Tests.csproj", "{12ACA344-32B5-41D9-AA50-FD81B95B86E9}"
EndProject
Project("{9A19103F-16F7-4668-BE54-9A1E7A4F7556}") = "Options", "src\Modules\Options\Options\Options.csproj", "{A2BE66C8-422A-4214-AED1-DE7613B92E67}"
EndProject
Global
	GlobalSection(SolutionConfigurationPlatforms) = preSolution
		Debug|Any CPU = Debug|Any CPU
		Release|Any CPU = Release|Any CPU
	EndGlobalSection
	GlobalSection(ProjectConfigurationPlatforms) = postSolution
		{666AC8BB-5D0A-47EE-886B-3B4B7C0C1D54}.Debug|Any CPU.ActiveCfg = Debug|Any CPU
		{666AC8BB-5D0A-47EE-886B-3B4B7C0C1D54}.Debug|Any CPU.Build.0 = Debug|Any CPU
		{666AC8BB-5D0A-47EE-886B-3B4B7C0C1D54}.Release|Any CPU.ActiveCfg = Release|Any CPU
		{666AC8BB-5D0A-47EE-886B-3B4B7C0C1D54}.Release|Any CPU.Build.0 = Release|Any CPU
		{FA7EED82-17A1-4EF3-948B-C45432970357}.Debug|Any CPU.ActiveCfg = Debug|Any CPU
		{FA7EED82-17A1-4EF3-948B-C45432970357}.Debug|Any CPU.Build.0 = Debug|Any CPU
		{FA7EED82-17A1-4EF3-948B-C45432970357}.Release|Any CPU.ActiveCfg = Release|Any CPU
		{FA7EED82-17A1-4EF3-948B-C45432970357}.Release|Any CPU.Build.0 = Release|Any CPU
		{94451550-16C0-4062-85B3-C3EEFF2162D7}.Debug|Any CPU.ActiveCfg = Debug|Any CPU
		{94451550-16C0-4062-85B3-C3EEFF2162D7}.Debug|Any CPU.Build.0 = Debug|Any CPU
		{94451550-16C0-4062-85B3-C3EEFF2162D7}.Release|Any CPU.ActiveCfg = Release|Any CPU
		{94451550-16C0-4062-85B3-C3EEFF2162D7}.Release|Any CPU.Build.0 = Release|Any CPU
		{96C6AFC6-8A2E-4DAA-B121-E27EA660C329}.Debug|Any CPU.ActiveCfg = Debug|Any CPU
		{96C6AFC6-8A2E-4DAA-B121-E27EA660C329}.Debug|Any CPU.Build.0 = Debug|Any CPU
		{96C6AFC6-8A2E-4DAA-B121-E27EA660C329}.Release|Any CPU.ActiveCfg = Release|Any CPU
		{96C6AFC6-8A2E-4DAA-B121-E27EA660C329}.Release|Any CPU.Build.0 = Release|Any CPU
		{EACDE0E4-A114-4C63-9421-A3FB22A1A21B}.Debug|Any CPU.ActiveCfg = Debug|Any CPU
		{EACDE0E4-A114-4C63-9421-A3FB22A1A21B}.Debug|Any CPU.Build.0 = Debug|Any CPU
		{EACDE0E4-A114-4C63-9421-A3FB22A1A21B}.Release|Any CPU.ActiveCfg = Release|Any CPU
		{EACDE0E4-A114-4C63-9421-A3FB22A1A21B}.Release|Any CPU.Build.0 = Release|Any CPU
		{9997B604-2237-4123-A089-C704B1B85F97}.Debug|Any CPU.ActiveCfg = Debug|Any CPU
		{9997B604-2237-4123-A089-C704B1B85F97}.Debug|Any CPU.Build.0 = Debug|Any CPU
		{9997B604-2237-4123-A089-C704B1B85F97}.Release|Any CPU.ActiveCfg = Release|Any CPU
		{9997B604-2237-4123-A089-C704B1B85F97}.Release|Any CPU.Build.0 = Release|Any CPU
		{128ACB8A-70E9-4B14-823B-69EB3579C843}.Debug|Any CPU.ActiveCfg = Debug|Any CPU
		{128ACB8A-70E9-4B14-823B-69EB3579C843}.Debug|Any CPU.Build.0 = Debug|Any CPU
		{128ACB8A-70E9-4B14-823B-69EB3579C843}.Release|Any CPU.ActiveCfg = Release|Any CPU
		{128ACB8A-70E9-4B14-823B-69EB3579C843}.Release|Any CPU.Build.0 = Release|Any CPU
		{DA969555-C296-4582-8585-7484635BCAA0}.Debug|Any CPU.ActiveCfg = Debug|Any CPU
		{DA969555-C296-4582-8585-7484635BCAA0}.Debug|Any CPU.Build.0 = Debug|Any CPU
		{DA969555-C296-4582-8585-7484635BCAA0}.Release|Any CPU.ActiveCfg = Release|Any CPU
		{DA969555-C296-4582-8585-7484635BCAA0}.Release|Any CPU.Build.0 = Release|Any CPU
		{BFD2A2BB-22B8-4B90-8F82-3D642CFC3A26}.Debug|Any CPU.ActiveCfg = Debug|Any CPU
		{BFD2A2BB-22B8-4B90-8F82-3D642CFC3A26}.Debug|Any CPU.Build.0 = Debug|Any CPU
		{BFD2A2BB-22B8-4B90-8F82-3D642CFC3A26}.Release|Any CPU.ActiveCfg = Release|Any CPU
		{BFD2A2BB-22B8-4B90-8F82-3D642CFC3A26}.Release|Any CPU.Build.0 = Release|Any CPU
		{952C0C6A-523F-4FD7-A35E-E098792FFBF5}.Debug|Any CPU.ActiveCfg = Debug|Any CPU
		{952C0C6A-523F-4FD7-A35E-E098792FFBF5}.Debug|Any CPU.Build.0 = Debug|Any CPU
		{952C0C6A-523F-4FD7-A35E-E098792FFBF5}.Release|Any CPU.ActiveCfg = Release|Any CPU
		{952C0C6A-523F-4FD7-A35E-E098792FFBF5}.Release|Any CPU.Build.0 = Release|Any CPU
		{DC41E8BC-4E8D-477A-9BD8-DE2A71F2ED8A}.Debug|Any CPU.ActiveCfg = Debug|Any CPU
		{DC41E8BC-4E8D-477A-9BD8-DE2A71F2ED8A}.Debug|Any CPU.Build.0 = Debug|Any CPU
		{DC41E8BC-4E8D-477A-9BD8-DE2A71F2ED8A}.Release|Any CPU.ActiveCfg = Release|Any CPU
		{DC41E8BC-4E8D-477A-9BD8-DE2A71F2ED8A}.Release|Any CPU.Build.0 = Release|Any CPU
		{EDE53EE7-0C3E-4423-A57B-1768F8EE6458}.Debug|Any CPU.ActiveCfg = Debug|Any CPU
		{EDE53EE7-0C3E-4423-A57B-1768F8EE6458}.Debug|Any CPU.Build.0 = Debug|Any CPU
		{EDE53EE7-0C3E-4423-A57B-1768F8EE6458}.Release|Any CPU.ActiveCfg = Release|Any CPU
		{EDE53EE7-0C3E-4423-A57B-1768F8EE6458}.Release|Any CPU.Build.0 = Release|Any CPU
		{7FF8FAEC-91E7-4F05-A372-3E08E71ED2B2}.Debug|Any CPU.ActiveCfg = Debug|Any CPU
		{7FF8FAEC-91E7-4F05-A372-3E08E71ED2B2}.Debug|Any CPU.Build.0 = Debug|Any CPU
		{7FF8FAEC-91E7-4F05-A372-3E08E71ED2B2}.Release|Any CPU.ActiveCfg = Release|Any CPU
		{7FF8FAEC-91E7-4F05-A372-3E08E71ED2B2}.Release|Any CPU.Build.0 = Release|Any CPU
		{DBA9A900-C0DB-4E2F-8DE0-6F8716CF4E7C}.Debug|Any CPU.ActiveCfg = Debug|Any CPU
		{DBA9A900-C0DB-4E2F-8DE0-6F8716CF4E7C}.Debug|Any CPU.Build.0 = Debug|Any CPU
		{DBA9A900-C0DB-4E2F-8DE0-6F8716CF4E7C}.Release|Any CPU.ActiveCfg = Release|Any CPU
		{DBA9A900-C0DB-4E2F-8DE0-6F8716CF4E7C}.Release|Any CPU.Build.0 = Release|Any CPU
		{52BCDFA7-89B0-4BE1-8AFE-4F31D431BFCE}.Debug|Any CPU.ActiveCfg = Debug|Any CPU
		{52BCDFA7-89B0-4BE1-8AFE-4F31D431BFCE}.Debug|Any CPU.Build.0 = Debug|Any CPU
		{52BCDFA7-89B0-4BE1-8AFE-4F31D431BFCE}.Release|Any CPU.ActiveCfg = Release|Any CPU
		{52BCDFA7-89B0-4BE1-8AFE-4F31D431BFCE}.Release|Any CPU.Build.0 = Release|Any CPU
		{CCEAFDF3-35A8-4D54-BB76-1E2296C49FEA}.Debug|Any CPU.ActiveCfg = Debug|Any CPU
		{CCEAFDF3-35A8-4D54-BB76-1E2296C49FEA}.Debug|Any CPU.Build.0 = Debug|Any CPU
		{CCEAFDF3-35A8-4D54-BB76-1E2296C49FEA}.Release|Any CPU.ActiveCfg = Release|Any CPU
		{CCEAFDF3-35A8-4D54-BB76-1E2296C49FEA}.Release|Any CPU.Build.0 = Release|Any CPU
		{550A4C54-DC0E-4AC6-9B0E-172FF9B2A748}.Debug|Any CPU.ActiveCfg = Debug|Any CPU
		{550A4C54-DC0E-4AC6-9B0E-172FF9B2A748}.Debug|Any CPU.Build.0 = Debug|Any CPU
		{550A4C54-DC0E-4AC6-9B0E-172FF9B2A748}.Release|Any CPU.ActiveCfg = Release|Any CPU
		{550A4C54-DC0E-4AC6-9B0E-172FF9B2A748}.Release|Any CPU.Build.0 = Release|Any CPU
		{7F8B7C28-243F-426A-802A-1052A72828A4}.Debug|Any CPU.ActiveCfg = Debug|Any CPU
		{7F8B7C28-243F-426A-802A-1052A72828A4}.Debug|Any CPU.Build.0 = Debug|Any CPU
		{7F8B7C28-243F-426A-802A-1052A72828A4}.Release|Any CPU.ActiveCfg = Release|Any CPU
		{7F8B7C28-243F-426A-802A-1052A72828A4}.Release|Any CPU.Build.0 = Release|Any CPU
		{3B956894-3044-4330-8C6B-6A00EBDE99FA}.Debug|Any CPU.ActiveCfg = Debug|Any CPU
		{3B956894-3044-4330-8C6B-6A00EBDE99FA}.Debug|Any CPU.Build.0 = Debug|Any CPU
		{3B956894-3044-4330-8C6B-6A00EBDE99FA}.Release|Any CPU.ActiveCfg = Release|Any CPU
		{3B956894-3044-4330-8C6B-6A00EBDE99FA}.Release|Any CPU.Build.0 = Release|Any CPU
		{12ACA344-32B5-41D9-AA50-FD81B95B86E9}.Debug|Any CPU.ActiveCfg = Debug|Any CPU
		{12ACA344-32B5-41D9-AA50-FD81B95B86E9}.Debug|Any CPU.Build.0 = Debug|Any CPU
		{12ACA344-32B5-41D9-AA50-FD81B95B86E9}.Release|Any CPU.ActiveCfg = Release|Any CPU
		{12ACA344-32B5-41D9-AA50-FD81B95B86E9}.Release|Any CPU.Build.0 = Release|Any CPU
		{A2BE66C8-422A-4214-AED1-DE7613B92E67}.Debug|Any CPU.ActiveCfg = Debug|Any CPU
		{A2BE66C8-422A-4214-AED1-DE7613B92E67}.Debug|Any CPU.Build.0 = Debug|Any CPU
		{A2BE66C8-422A-4214-AED1-DE7613B92E67}.Release|Any CPU.ActiveCfg = Release|Any CPU
		{A2BE66C8-422A-4214-AED1-DE7613B92E67}.Release|Any CPU.Build.0 = Release|Any CPU
	EndGlobalSection
	GlobalSection(SolutionProperties) = preSolution
		HideSolutionNode = FALSE
	EndGlobalSection
	GlobalSection(NestedProjects) = preSolution
		{666AC8BB-5D0A-47EE-886B-3B4B7C0C1D54} = {97AE2736-7654-4995-89FA-05F696E88AF8}
		{FA7EED82-17A1-4EF3-948B-C45432970357} = {97AE2736-7654-4995-89FA-05F696E88AF8}
		{94451550-16C0-4062-85B3-C3EEFF2162D7} = {334B810E-F6F4-4A2A-9C67-751281D81FE1}
		{96C6AFC6-8A2E-4DAA-B121-E27EA660C329} = {334B810E-F6F4-4A2A-9C67-751281D81FE1}
		{EACDE0E4-A114-4C63-9421-A3FB22A1A21B} = {334B810E-F6F4-4A2A-9C67-751281D81FE1}
		{128ACB8A-70E9-4B14-823B-69EB3579C843} = {97AE2736-7654-4995-89FA-05F696E88AF8}
		{DA969555-C296-4582-8585-7484635BCAA0} = {FC597705-6335-470E-A32D-AF7CF47C1C26}
		{BFD2A2BB-22B8-4B90-8F82-3D642CFC3A26} = {2D190991-F53C-4226-8CE1-0DB24D2F5A34}
		{952C0C6A-523F-4FD7-A35E-E098792FFBF5} = {A040DE30-41E8-4771-885A-B714141CAFF9}
		{DC41E8BC-4E8D-477A-9BD8-DE2A71F2ED8A} = {FC597705-6335-470E-A32D-AF7CF47C1C26}
		{FC597705-6335-470E-A32D-AF7CF47C1C26} = {89F46890-BF74-40FA-B54F-893F198149FB}
		{EDE53EE7-0C3E-4423-A57B-1768F8EE6458} = {2D190991-F53C-4226-8CE1-0DB24D2F5A34}
		{7FF8FAEC-91E7-4F05-A372-3E08E71ED2B2} = {A040DE30-41E8-4771-885A-B714141CAFF9}
		{2D190991-F53C-4226-8CE1-0DB24D2F5A34} = {89F46890-BF74-40FA-B54F-893F198149FB}
		{A040DE30-41E8-4771-885A-B714141CAFF9} = {89F46890-BF74-40FA-B54F-893F198149FB}
		{FEF6A921-FD61-43F1-BADD-4FDC5B1C0AB6} = {89F46890-BF74-40FA-B54F-893F198149FB}
		{385444C9-2545-4B90-89DA-857F8DCE71CB} = {89F46890-BF74-40FA-B54F-893F198149FB}
		{37F2FC1F-11C3-4E67-BA31-B630B0CB2D89} = {89F46890-BF74-40FA-B54F-893F198149FB}
		{604687B3-625D-4B93-A560-C5F4DA274B02} = {89F46890-BF74-40FA-B54F-893F198149FB}
		{DBA9A900-C0DB-4E2F-8DE0-6F8716CF4E7C} = {604687B3-625D-4B93-A560-C5F4DA274B02}
		{52BCDFA7-89B0-4BE1-8AFE-4F31D431BFCE} = {604687B3-625D-4B93-A560-C5F4DA274B02}
		{CCEAFDF3-35A8-4D54-BB76-1E2296C49FEA} = {385444C9-2545-4B90-89DA-857F8DCE71CB}
		{550A4C54-DC0E-4AC6-9B0E-172FF9B2A748} = {FEF6A921-FD61-43F1-BADD-4FDC5B1C0AB6}
		{7F8B7C28-243F-426A-802A-1052A72828A4} = {FEF6A921-FD61-43F1-BADD-4FDC5B1C0AB6}
		{3B956894-3044-4330-8C6B-6A00EBDE99FA} = {37F2FC1F-11C3-4E67-BA31-B630B0CB2D89}
		{12ACA344-32B5-41D9-AA50-FD81B95B86E9} = {37F2FC1F-11C3-4E67-BA31-B630B0CB2D89}
		{A2BE66C8-422A-4214-AED1-DE7613B92E67} = {385444C9-2545-4B90-89DA-857F8DCE71CB}
	EndGlobalSection
	GlobalSection(ExtensibilityGlobals) = postSolution
		SolutionGuid = {9833EC28-8768-4F32-955E-95750F97726F}
	EndGlobalSection
EndGlobal
