
Microsoft Visual Studio Solution File, Format Version 12.00
# Visual Studio Version 16
VisualStudioVersion = 16.0.29911.84
MinimumVisualStudioVersion = 10.0.40219.1
Project("{2150E333-8FDC-42A3-9474-1A3956D46DE8}") = "Framework", "Framework", "{97AE2736-7654-4995-89FA-05F696E88AF8}"
EndProject
Project("{9A19103F-16F7-4668-BE54-9A1E7A4F7556}") = "Framework", "Framework\Framework\Framework.csproj", "{666AC8BB-5D0A-47EE-886B-3B4B7C0C1D54}"
EndProject
Project("{9A19103F-16F7-4668-BE54-9A1E7A4F7556}") = "Framework.Tests", "Framework\Framework.Tests\Framework.Tests.csproj", "{FA7EED82-17A1-4EF3-948B-C45432970357}"
EndProject
Project("{2150E333-8FDC-42A3-9474-1A3956D46DE8}") = "Bootstrap", "Bootstrap", "{334B810E-F6F4-4A2A-9C67-751281D81FE1}"
EndProject
Project("{9A19103F-16F7-4668-BE54-9A1E7A4F7556}") = "Bootstrap", "Bootstrap\Bootstrap\Bootstrap.csproj", "{94451550-16C0-4062-85B3-C3EEFF2162D7}"
EndProject
Project("{9A19103F-16F7-4668-BE54-9A1E7A4F7556}") = "Bootstrap.Tests", "Bootstrap\Bootstrap.Tests\Bootstrap.Tests.csproj", "{96C6AFC6-8A2E-4DAA-B121-E27EA660C329}"
EndProject
Project("{9A19103F-16F7-4668-BE54-9A1E7A4F7556}") = "Bootstrap.Container", "Bootstrap\Bootstrap.Container\Bootstrap.Container.csproj", "{EACDE0E4-A114-4C63-9421-A3FB22A1A21B}"
EndProject
Project("{9A19103F-16F7-4668-BE54-9A1E7A4F7556}") = "Orbit", "Orbit\Orbit.csproj", "{9997B604-2237-4123-A089-C704B1B85F97}"
EndProject
Project("{2150E333-8FDC-42A3-9474-1A3956D46DE8}") = "Modules", "Modules", "{89F46890-BF74-40FA-B54F-893F198149FB}"
EndProject
Project("{9A19103F-16F7-4668-BE54-9A1E7A4F7556}") = "Framework.Themes", "Framework\Framework.Themes\Framework.Themes.csproj", "{128ACB8A-70E9-4B14-823B-69EB3579C843}"
EndProject
Project("{9A19103F-16F7-4668-BE54-9A1E7A4F7556}") = "MarketData", "Modules\MarketData\MarketData\MarketData.csproj", "{DA969555-C296-4582-8585-7484635BCAA0}"
EndProject
Project("{9A19103F-16F7-4668-BE54-9A1E7A4F7556}") = "Orders", "Modules\Orders\Orders\Orders.csproj", "{BFD2A2BB-22B8-4B90-8F82-3D642CFC3A26}"
EndProject
Project("{9A19103F-16F7-4668-BE54-9A1E7A4F7556}") = "Trades", "Modules\Trades\Trades\Trades.csproj", "{952C0C6A-523F-4FD7-A35E-E098792FFBF5}"
EndProject
Project("{9A19103F-16F7-4668-BE54-9A1E7A4F7556}") = "MarketData.Tests", "Modules\MarketData\MarketData.Tests\MarketData.Tests.csproj", "{DC41E8BC-4E8D-477A-9BD8-DE2A71F2ED8A}"
EndProject
Project("{2150E333-8FDC-42A3-9474-1A3956D46DE8}") = "MarketData", "MarketData", "{FC597705-6335-470E-A32D-AF7CF47C1C26}"
EndProject
Project("{9A19103F-16F7-4668-BE54-9A1E7A4F7556}") = "Orders.Tests", "Modules\Orders\Orders.Tests\Orders.Tests.csproj", "{EDE53EE7-0C3E-4423-A57B-1768F8EE6458}"
EndProject
Project("{9A19103F-16F7-4668-BE54-9A1E7A4F7556}") = "Trades.Tests", "Modules\Trades\Trades.Tests\Trades.Tests.csproj", "{7FF8FAEC-91E7-4F05-A372-3E08E71ED2B2}"
EndProject
Project("{2150E333-8FDC-42A3-9474-1A3956D46DE8}") = "Orders", "Orders", "{2D190991-F53C-4226-8CE1-0DB24D2F5A34}"
EndProject
Project("{2150E333-8FDC-42A3-9474-1A3956D46DE8}") = "Trades", "Trades", "{A040DE30-41E8-4771-885A-B714141CAFF9}"
EndProject
Global
	GlobalSection(SolutionConfigurationPlatforms) = preSolution
		Debug|Any CPU = Debug|Any CPU
		Release|Any CPU = Release|Any CPU
	EndGlobalSection
	GlobalSection(ProjectConfigurationPlatforms) = postSolution
		{666AC8BB-5D0A-47EE-886B-3B4B7C0C1D54}.Debug|Any CPU.ActiveCfg = Debug|Any CPU
		{666AC8BB-5D0A-47EE-886B-3B4B7C0C1D54}.Debug|Any CPU.Build.0 = Debug|Any CPU
		{666AC8BB-5D0A-47EE-886B-3B4B7C0C1D54}.Release|Any CPU.ActiveCfg = Release|Any CPU
		{666AC8BB-5D0A-47EE-886B-3B4B7C0C1D54}.Release|Any CPU.Build.0 = Release|Any CPU
		{FA7EED82-17A1-4EF3-948B-C45432970357}.Debug|Any CPU.ActiveCfg = Debug|Any CPU
		{FA7EED82-17A1-4EF3-948B-C45432970357}.Debug|Any CPU.Build.0 = Debug|Any CPU
		{FA7EED82-17A1-4EF3-948B-C45432970357}.Release|Any CPU.ActiveCfg = Release|Any CPU
		{FA7EED82-17A1-4EF3-948B-C45432970357}.Release|Any CPU.Build.0 = Release|Any CPU
		{94451550-16C0-4062-85B3-C3EEFF2162D7}.Debug|Any CPU.ActiveCfg = Debug|Any CPU
		{94451550-16C0-4062-85B3-C3EEFF2162D7}.Debug|Any CPU.Build.0 = Debug|Any CPU
		{94451550-16C0-4062-85B3-C3EEFF2162D7}.Release|Any CPU.ActiveCfg = Release|Any CPU
		{94451550-16C0-4062-85B3-C3EEFF2162D7}.Release|Any CPU.Build.0 = Release|Any CPU
		{96C6AFC6-8A2E-4DAA-B121-E27EA660C329}.Debug|Any CPU.ActiveCfg = Debug|Any CPU
		{96C6AFC6-8A2E-4DAA-B121-E27EA660C329}.Debug|Any CPU.Build.0 = Debug|Any CPU
		{96C6AFC6-8A2E-4DAA-B121-E27EA660C329}.Release|Any CPU.ActiveCfg = Release|Any CPU
		{96C6AFC6-8A2E-4DAA-B121-E27EA660C329}.Release|Any CPU.Build.0 = Release|Any CPU
		{EACDE0E4-A114-4C63-9421-A3FB22A1A21B}.Debug|Any CPU.ActiveCfg = Debug|Any CPU
		{EACDE0E4-A114-4C63-9421-A3FB22A1A21B}.Debug|Any CPU.Build.0 = Debug|Any CPU
		{EACDE0E4-A114-4C63-9421-A3FB22A1A21B}.Release|Any CPU.ActiveCfg = Release|Any CPU
		{EACDE0E4-A114-4C63-9421-A3FB22A1A21B}.Release|Any CPU.Build.0 = Release|Any CPU
		{9997B604-2237-4123-A089-C704B1B85F97}.Debug|Any CPU.ActiveCfg = Debug|Any CPU
		{9997B604-2237-4123-A089-C704B1B85F97}.Debug|Any CPU.Build.0 = Debug|Any CPU
		{9997B604-2237-4123-A089-C704B1B85F97}.Release|Any CPU.ActiveCfg = Release|Any CPU
		{9997B604-2237-4123-A089-C704B1B85F97}.Release|Any CPU.Build.0 = Release|Any CPU
		{128ACB8A-70E9-4B14-823B-69EB3579C843}.Debug|Any CPU.ActiveCfg = Debug|Any CPU
		{128ACB8A-70E9-4B14-823B-69EB3579C843}.Debug|Any CPU.Build.0 = Debug|Any CPU
		{128ACB8A-70E9-4B14-823B-69EB3579C843}.Release|Any CPU.ActiveCfg = Release|Any CPU
		{128ACB8A-70E9-4B14-823B-69EB3579C843}.Release|Any CPU.Build.0 = Release|Any CPU
		{DA969555-C296-4582-8585-7484635BCAA0}.Debug|Any CPU.ActiveCfg = Debug|Any CPU
		{DA969555-C296-4582-8585-7484635BCAA0}.Debug|Any CPU.Build.0 = Debug|Any CPU
		{DA969555-C296-4582-8585-7484635BCAA0}.Release|Any CPU.ActiveCfg = Release|Any CPU
		{DA969555-C296-4582-8585-7484635BCAA0}.Release|Any CPU.Build.0 = Release|Any CPU
		{BFD2A2BB-22B8-4B90-8F82-3D642CFC3A26}.Debug|Any CPU.ActiveCfg = Debug|Any CPU
		{BFD2A2BB-22B8-4B90-8F82-3D642CFC3A26}.Debug|Any CPU.Build.0 = Debug|Any CPU
		{BFD2A2BB-22B8-4B90-8F82-3D642CFC3A26}.Release|Any CPU.ActiveCfg = Release|Any CPU
		{BFD2A2BB-22B8-4B90-8F82-3D642CFC3A26}.Release|Any CPU.Build.0 = Release|Any CPU
		{952C0C6A-523F-4FD7-A35E-E098792FFBF5}.Debug|Any CPU.ActiveCfg = Debug|Any CPU
		{952C0C6A-523F-4FD7-A35E-E098792FFBF5}.Debug|Any CPU.Build.0 = Debug|Any CPU
		{952C0C6A-523F-4FD7-A35E-E098792FFBF5}.Release|Any CPU.ActiveCfg = Release|Any CPU
		{952C0C6A-523F-4FD7-A35E-E098792FFBF5}.Release|Any CPU.Build.0 = Release|Any CPU
		{DC41E8BC-4E8D-477A-9BD8-DE2A71F2ED8A}.Debug|Any CPU.ActiveCfg = Debug|Any CPU
		{DC41E8BC-4E8D-477A-9BD8-DE2A71F2ED8A}.Debug|Any CPU.Build.0 = Debug|Any CPU
		{DC41E8BC-4E8D-477A-9BD8-DE2A71F2ED8A}.Release|Any CPU.ActiveCfg = Release|Any CPU
		{DC41E8BC-4E8D-477A-9BD8-DE2A71F2ED8A}.Release|Any CPU.Build.0 = Release|Any CPU
		{EDE53EE7-0C3E-4423-A57B-1768F8EE6458}.Debug|Any CPU.ActiveCfg = Debug|Any CPU
		{EDE53EE7-0C3E-4423-A57B-1768F8EE6458}.Debug|Any CPU.Build.0 = Debug|Any CPU
		{EDE53EE7-0C3E-4423-A57B-1768F8EE6458}.Release|Any CPU.ActiveCfg = Release|Any CPU
		{EDE53EE7-0C3E-4423-A57B-1768F8EE6458}.Release|Any CPU.Build.0 = Release|Any CPU
		{7FF8FAEC-91E7-4F05-A372-3E08E71ED2B2}.Debug|Any CPU.ActiveCfg = Debug|Any CPU
		{7FF8FAEC-91E7-4F05-A372-3E08E71ED2B2}.Debug|Any CPU.Build.0 = Debug|Any CPU
		{7FF8FAEC-91E7-4F05-A372-3E08E71ED2B2}.Release|Any CPU.ActiveCfg = Release|Any CPU
		{7FF8FAEC-91E7-4F05-A372-3E08E71ED2B2}.Release|Any CPU.Build.0 = Release|Any CPU
	EndGlobalSection
	GlobalSection(SolutionProperties) = preSolution
		HideSolutionNode = FALSE
	EndGlobalSection
	GlobalSection(NestedProjects) = preSolution
		{666AC8BB-5D0A-47EE-886B-3B4B7C0C1D54} = {97AE2736-7654-4995-89FA-05F696E88AF8}
		{FA7EED82-17A1-4EF3-948B-C45432970357} = {97AE2736-7654-4995-89FA-05F696E88AF8}
		{94451550-16C0-4062-85B3-C3EEFF2162D7} = {334B810E-F6F4-4A2A-9C67-751281D81FE1}
		{96C6AFC6-8A2E-4DAA-B121-E27EA660C329} = {334B810E-F6F4-4A2A-9C67-751281D81FE1}
		{EACDE0E4-A114-4C63-9421-A3FB22A1A21B} = {334B810E-F6F4-4A2A-9C67-751281D81FE1}
		{128ACB8A-70E9-4B14-823B-69EB3579C843} = {97AE2736-7654-4995-89FA-05F696E88AF8}
		{DA969555-C296-4582-8585-7484635BCAA0} = {FC597705-6335-470E-A32D-AF7CF47C1C26}
		{BFD2A2BB-22B8-4B90-8F82-3D642CFC3A26} = {2D190991-F53C-4226-8CE1-0DB24D2F5A34}
		{952C0C6A-523F-4FD7-A35E-E098792FFBF5} = {A040DE30-41E8-4771-885A-B714141CAFF9}
		{DC41E8BC-4E8D-477A-9BD8-DE2A71F2ED8A} = {FC597705-6335-470E-A32D-AF7CF47C1C26}
		{FC597705-6335-470E-A32D-AF7CF47C1C26} = {89F46890-BF74-40FA-B54F-893F198149FB}
		{EDE53EE7-0C3E-4423-A57B-1768F8EE6458} = {2D190991-F53C-4226-8CE1-0DB24D2F5A34}
		{7FF8FAEC-91E7-4F05-A372-3E08E71ED2B2} = {A040DE30-41E8-4771-885A-B714141CAFF9}
		{2D190991-F53C-4226-8CE1-0DB24D2F5A34} = {89F46890-BF74-40FA-B54F-893F198149FB}
		{A040DE30-41E8-4771-885A-B714141CAFF9} = {89F46890-BF74-40FA-B54F-893F198149FB}
	EndGlobalSection
	GlobalSection(ExtensibilityGlobals) = postSolution
		SolutionGuid = {9833EC28-8768-4F32-955E-95750F97726F}
	EndGlobalSection
EndGlobal
